
Microsoft Visual Studio Solution File, Format Version 11.00
# Visual Studio 2010
Project("{8BC9CEB8-8B4A-11D0-8D11-00A0C91BC942}") = "sendGrid", "sendGrid\sendGrid.vcxproj", "{D297D99A-0D17-4544-A639-3E9BC1DD992A}"
EndProject
Global
	GlobalSection(SolutionConfigurationPlatforms) = preSolution
		Debug|Win32 = Debug|Win32
		Release|Win32 = Release|Win32
	EndGlobalSection
	GlobalSection(ProjectConfigurationPlatforms) = postSolution
		{D297D99A-0D17-4544-A639-3E9BC1DD992A}.Debug|Win32.ActiveCfg = Debug|Win32
		{D297D99A-0D17-4544-A639-3E9BC1DD992A}.Debug|Win32.Build.0 = Debug|Win32
		{D297D99A-0D17-4544-A639-3E9BC1DD992A}.Release|Win32.ActiveCfg = Release|Win32
		{D297D99A-0D17-4544-A639-3E9BC1DD992A}.Release|Win32.Build.0 = Release|Win32
	EndGlobalSection
	GlobalSection(SolutionProperties) = preSolution
		HideSolutionNode = FALSE
	EndGlobalSection
EndGlobal
